
Microsoft Visual Studio Solution File, Format Version 12.00
# Visual Studio Version 17
VisualStudioVersion = 17.4.33213.308
MinimumVisualStudioVersion = 10.0.40219.1
Project("{8BC9CEB8-8B4A-11D0-8D11-00A0C91BC942}") = "OrganizationTree", "OrganizationTree\OrganizationTree.vcxproj", "{B9B5D03E-C74F-4144-8B2F-1FEE52C95A15}"
EndProject
Project("{8BC9CEB8-8B4A-11D0-8D11-00A0C91BC942}") = "BST", "BST\BST.vcxproj", "{518DCB8A-B29A-4091-80B2-C3FD0613608D}"
EndProject
Project("{8BC9CEB8-8B4A-11D0-8D11-00A0C91BC942}") = "etc", "etc\etc.vcxproj", "{2C583215-1881-4495-960E-BC1B9DB97E12}"
EndProject
Project("{8BC9CEB8-8B4A-11D0-8D11-00A0C91BC942}") = "N-aryTree", "N-aryTree\N-aryTree.vcxproj", "{9D06CA00-D780-4573-A476-C497B11C44FF}"
EndProject
Project("{8BC9CEB8-8B4A-11D0-8D11-00A0C91BC942}") = "HeapTree", "HeapTree\HeapTree.vcxproj", "{1BE14D69-1846-4660-9F44-68293AF97D7A}"
EndProject
Project("{8BC9CEB8-8B4A-11D0-8D11-00A0C91BC942}") = "GetMedian", "GetMedian\GetMedian.vcxproj", "{96C666BB-AD50-45EA-928A-F13BB55CB8F8}"
EndProject
Project("{8BC9CEB8-8B4A-11D0-8D11-00A0C91BC942}") = "Practice5", "Practice5\Practice5.vcxproj", "{22E8D0AB-A6A4-4A34-BE7A-BB729C381039}"
EndProject
Project("{8BC9CEB8-8B4A-11D0-8D11-00A0C91BC942}") = "GraphBasics", "GraphBasics\GraphBasics.vcxproj", "{CC47BEE2-8B17-45D3-938B-30C9F9919F93}"
EndProject
Project("{8BC9CEB8-8B4A-11D0-8D11-00A0C91BC942}") = "GraphBasicsII", "GraphBasicsII\GraphBasicsII.vcxproj", "{B7EF7ABC-3248-484A-80C2-359FBF0789B5}"
EndProject
Project("{8BC9CEB8-8B4A-11D0-8D11-00A0C91BC942}") = "HashTableI", "HashTableI\HashTableI.vcxproj", "{7E15C8A6-2936-4E9B-B2CC-F9E420327FFD}"
EndProject
Project("{8BC9CEB8-8B4A-11D0-8D11-00A0C91BC942}") = "HashChaining", "HashChaining\HashChaining.vcxproj", "{A4CB6F39-18CB-4941-85A7-6E03B3561D1D}"
EndProject
Project("{8BC9CEB8-8B4A-11D0-8D11-00A0C91BC942}") = "HashOpenAddressing", "HashOpenAddressing\HashOpenAddressing.vcxproj", "{8736B885-1CA9-4BCC-814D-C1E7D555340B}"
EndProject
Project("{8BC9CEB8-8B4A-11D0-8D11-00A0C91BC942}") = "HashTableCpp", "HashTableCpp\HashTableCpp.vcxproj", "{2A2DC64C-4403-4111-BFA7-2CD37F32F7FF}"
EndProject
Project("{8BC9CEB8-8B4A-11D0-8D11-00A0C91BC942}") = "Practice6", "Practice6\Practice6.vcxproj", "{8E3320A8-17C3-4885-8AAF-E31B438770C5}"
EndProject
Project("{8BC9CEB8-8B4A-11D0-8D11-00A0C91BC942}") = "BloomFilter", "BloomFilter\BloomFilter.vcxproj", "{74A517F8-9F20-4CB9-A995-2306D81445B7}"
EndProject
Project("{8BC9CEB8-8B4A-11D0-8D11-00A0C91BC942}") = "Practice7", "Practice7\Practice7.vcxproj", "{B32913EA-8A93-4E02-BC4F-28BF52AD8643}"
EndProject
Project("{8BC9CEB8-8B4A-11D0-8D11-00A0C91BC942}") = "DivideConquer1", "Divide_Conquer\Divide_Conquer.vcxproj", "{870DE413-FA6D-4DAF-B3EB-90DE9F893496}"
EndProject
Project("{8BC9CEB8-8B4A-11D0-8D11-00A0C91BC942}") = "MergeSort", "MergeSort\MergeSort.vcxproj", "{A28A6013-950E-4154-AD48-9AF34BEDE203}"
EndProject
Project("{8BC9CEB8-8B4A-11D0-8D11-00A0C91BC942}") = "QuickSort", "QuickSort\QuickSort.vcxproj", "{7FDD8040-D009-412B-A2FF-4B08A67F356C}"
EndProject
Project("{8BC9CEB8-8B4A-11D0-8D11-00A0C91BC942}") = "Practice9", "Practice9\Practice9.vcxproj", "{67F9B228-A8BD-4F13-8760-31362D5697FB}"
EndProject
Project("{8BC9CEB8-8B4A-11D0-8D11-00A0C91BC942}") = "LinearTimeSelection", "LinearTimeSelection\LinearTimeSelection.vcxproj", "{FA640002-40B1-4256-AFCE-4F829B4EB6B2}"
EndProject
Project("{8BC9CEB8-8B4A-11D0-8D11-00A0C91BC942}") = "MapReduce", "MapReduce\MapReduce.vcxproj", "{5C6850EE-03CC-4AFE-AF98-C0A71A79F300}"
EndProject
Project("{8BC9CEB8-8B4A-11D0-8D11-00A0C91BC942}") = "Exercise23", "Exercise23\Exercise23.vcxproj", "{6F548C30-AB82-423A-9B20-3030CC7F603D}"
EndProject
Project("{8BC9CEB8-8B4A-11D0-8D11-00A0C91BC942}") = "Practice23", "Practice23\Practice23.vcxproj", "{EFEC86E8-B2C4-4882-B3FE-F8E6D4A5DB6F}"
EndProject
Project("{8BC9CEB8-8B4A-11D0-8D11-00A0C91BC942}") = "GreedyAlgorithm", "GreedyAlgorithm\GreedyAlgorithm.vcxproj", "{1CA300F1-F221-428B-8136-69F5930A590F}"
EndProject
Project("{8BC9CEB8-8B4A-11D0-8D11-00A0C91BC942}") = "KnapsackProblem", "KnapsackProblem\KnapsackProblem.vcxproj", "{1533754A-3869-4877-9097-E229074E7D03}"
EndProject
Project("{8BC9CEB8-8B4A-11D0-8D11-00A0C91BC942}") = "MST", "MST\MST.vcxproj", "{7FFF51AB-2489-4BF1-85EA-BBC2FB6C27CD}"
EndProject
Project("{8BC9CEB8-8B4A-11D0-8D11-00A0C91BC942}") = "GraphColoring", "GraphColoring\GraphColoring.vcxproj", "{6323FD35-D556-4CB1-A088-667D73D76525}"
EndProject
Project("{8BC9CEB8-8B4A-11D0-8D11-00A0C91BC942}") = "WelshPowellGraph", "WelshPowellGraph\WelshPowellGraph.vcxproj", "{58DF4FD3-4DA7-4C12-B313-6D0A09B17E7B}"
EndProject
Project("{8BC9CEB8-8B4A-11D0-8D11-00A0C91BC942}") = "GraphTraversal", "GraphTraversal\GraphTraversal.vcxproj", "{16F306E4-5CEC-45E3-B6E2-AD194C667894}"
EndProject
Project("{8BC9CEB8-8B4A-11D0-8D11-00A0C91BC942}") = "DFS", "DFS\DFS.vcxproj", "{C5EFE912-8B92-43DD-8281-22245DA07B84}"
EndProject
Project("{8BC9CEB8-8B4A-11D0-8D11-00A0C91BC942}") = "Prim'sAlgorithm", "Prim'sAlgorithm\Prim'sAlgorithm.vcxproj", "{08F90D14-970F-49E1-B6BA-14530E4F09DF}"
EndProject
Project("{8BC9CEB8-8B4A-11D0-8D11-00A0C91BC942}") = "Dijkstra's Algorithm", "Dijkstra's Algorithm\Dijkstra's Algorithm.vcxproj", "{884F483F-F32D-4858-BA5F-F70516F3D0E3}"
EndProject
Project("{8BC9CEB8-8B4A-11D0-8D11-00A0C91BC942}") = "BipariteGraph", "BipariteGraph\BipariteGraph.vcxproj", "{70EFDC39-ADB0-4C22-A523-F4EE49CC686B}"
EndProject
Project("{8BC9CEB8-8B4A-11D0-8D11-00A0C91BC942}") = "BellmanFordAlgorithm", "BellmanFordAlgorithm\BellmanFordAlgorithm.vcxproj", "{D7B3323D-69AD-471B-9679-291962C1BC36}"
EndProject
Project("{8BC9CEB8-8B4A-11D0-8D11-00A0C91BC942}") = "GreedyRobots", "GreedyRobots\GreedyRobots.vcxproj", "{1F8745A8-1CD9-46BA-BE22-8CAEB242EBD0}"
EndProject
Project("{8BC9CEB8-8B4A-11D0-8D11-00A0C91BC942}") = "Jonson'sAlgorithm", "Jonson'sAlgorithm\Jonson'sAlgorithm.vcxproj", "{FF1ABC82-5831-4509-A814-6C0F7178B99E}"
EndProject
Project("{8BC9CEB8-8B4A-11D0-8D11-00A0C91BC942}") = "Kosaraju's Algorithm", "Kosaraju's Algorithm\Kosaraju's Algorithm.vcxproj", "{F7252EB8-AB20-47D8-84E3-1EE13D8B66A2}"
EndProject
Project("{8BC9CEB8-8B4A-11D0-8D11-00A0C91BC942}") = "DynamicProgrammingI", "DynamicProgrammingI\DynamicProgrammingI.vcxproj", "{ED472BAE-DD60-4262-A9D6-2A17197DDAEA}"
EndProject
Project("{8BC9CEB8-8B4A-11D0-8D11-00A0C91BC942}") = "Memoization", "Memoization\Memoization.vcxproj", "{DEE389A0-3784-4D75-A7B4-8479FBD3B14C}"
EndProject
Project("{8BC9CEB8-8B4A-11D0-8D11-00A0C91BC942}") = "Tabulation", "Tabulation\Tabulation.vcxproj", "{4B7FB5C7-D77E-4D1C-9D8C-655C497EB4D0}"
EndProject
Project("{8BC9CEB8-8B4A-11D0-8D11-00A0C91BC942}") = "Practice18", "Practice18\Practice18.vcxproj", "{7D41F395-6854-4C3D-BFBC-557A31C638FE}"
EndProject
Project("{8BC9CEB8-8B4A-11D0-8D11-00A0C91BC942}") = "LongestCommonSubsequence", "LongestCommonSubsequence\LongestCommonSubsequence.vcxproj", "{A408B2D8-F624-479B-8745-BB7435682863}"
EndProject
Project("{8BC9CEB8-8B4A-11D0-8D11-00A0C91BC942}") = "PNP", "PNP\PNP.vcxproj", "{9E952FA2-A2CE-45A4-AA4C-F8C38409993B}"
EndProject
Global
	GlobalSection(SolutionConfigurationPlatforms) = preSolution
		Debug|x64 = Debug|x64
		Debug|x86 = Debug|x86
		Release|x64 = Release|x64
		Release|x86 = Release|x86
	EndGlobalSection
	GlobalSection(ProjectConfigurationPlatforms) = postSolution
		{B9B5D03E-C74F-4144-8B2F-1FEE52C95A15}.Debug|x64.ActiveCfg = Debug|x64
		{B9B5D03E-C74F-4144-8B2F-1FEE52C95A15}.Debug|x64.Build.0 = Debug|x64
		{B9B5D03E-C74F-4144-8B2F-1FEE52C95A15}.Debug|x86.ActiveCfg = Debug|Win32
		{B9B5D03E-C74F-4144-8B2F-1FEE52C95A15}.Debug|x86.Build.0 = Debug|Win32
		{B9B5D03E-C74F-4144-8B2F-1FEE52C95A15}.Release|x64.ActiveCfg = Release|x64
		{B9B5D03E-C74F-4144-8B2F-1FEE52C95A15}.Release|x64.Build.0 = Release|x64
		{B9B5D03E-C74F-4144-8B2F-1FEE52C95A15}.Release|x86.ActiveCfg = Release|Win32
		{B9B5D03E-C74F-4144-8B2F-1FEE52C95A15}.Release|x86.Build.0 = Release|Win32
		{518DCB8A-B29A-4091-80B2-C3FD0613608D}.Debug|x64.ActiveCfg = Debug|x64
		{518DCB8A-B29A-4091-80B2-C3FD0613608D}.Debug|x64.Build.0 = Debug|x64
		{518DCB8A-B29A-4091-80B2-C3FD0613608D}.Debug|x86.ActiveCfg = Debug|Win32
		{518DCB8A-B29A-4091-80B2-C3FD0613608D}.Debug|x86.Build.0 = Debug|Win32
		{518DCB8A-B29A-4091-80B2-C3FD0613608D}.Release|x64.ActiveCfg = Release|x64
		{518DCB8A-B29A-4091-80B2-C3FD0613608D}.Release|x64.Build.0 = Release|x64
		{518DCB8A-B29A-4091-80B2-C3FD0613608D}.Release|x86.ActiveCfg = Release|Win32
		{518DCB8A-B29A-4091-80B2-C3FD0613608D}.Release|x86.Build.0 = Release|Win32
		{2C583215-1881-4495-960E-BC1B9DB97E12}.Debug|x64.ActiveCfg = Debug|x64
		{2C583215-1881-4495-960E-BC1B9DB97E12}.Debug|x64.Build.0 = Debug|x64
		{2C583215-1881-4495-960E-BC1B9DB97E12}.Debug|x86.ActiveCfg = Debug|Win32
		{2C583215-1881-4495-960E-BC1B9DB97E12}.Debug|x86.Build.0 = Debug|Win32
		{2C583215-1881-4495-960E-BC1B9DB97E12}.Release|x64.ActiveCfg = Release|x64
		{2C583215-1881-4495-960E-BC1B9DB97E12}.Release|x64.Build.0 = Release|x64
		{2C583215-1881-4495-960E-BC1B9DB97E12}.Release|x86.ActiveCfg = Release|Win32
		{2C583215-1881-4495-960E-BC1B9DB97E12}.Release|x86.Build.0 = Release|Win32
		{9D06CA00-D780-4573-A476-C497B11C44FF}.Debug|x64.ActiveCfg = Debug|x64
		{9D06CA00-D780-4573-A476-C497B11C44FF}.Debug|x64.Build.0 = Debug|x64
		{9D06CA00-D780-4573-A476-C497B11C44FF}.Debug|x86.ActiveCfg = Debug|Win32
		{9D06CA00-D780-4573-A476-C497B11C44FF}.Debug|x86.Build.0 = Debug|Win32
		{9D06CA00-D780-4573-A476-C497B11C44FF}.Release|x64.ActiveCfg = Release|x64
		{9D06CA00-D780-4573-A476-C497B11C44FF}.Release|x64.Build.0 = Release|x64
		{9D06CA00-D780-4573-A476-C497B11C44FF}.Release|x86.ActiveCfg = Release|Win32
		{9D06CA00-D780-4573-A476-C497B11C44FF}.Release|x86.Build.0 = Release|Win32
		{1BE14D69-1846-4660-9F44-68293AF97D7A}.Debug|x64.ActiveCfg = Debug|x64
		{1BE14D69-1846-4660-9F44-68293AF97D7A}.Debug|x64.Build.0 = Debug|x64
		{1BE14D69-1846-4660-9F44-68293AF97D7A}.Debug|x86.ActiveCfg = Debug|Win32
		{1BE14D69-1846-4660-9F44-68293AF97D7A}.Debug|x86.Build.0 = Debug|Win32
		{1BE14D69-1846-4660-9F44-68293AF97D7A}.Release|x64.ActiveCfg = Release|x64
		{1BE14D69-1846-4660-9F44-68293AF97D7A}.Release|x64.Build.0 = Release|x64
		{1BE14D69-1846-4660-9F44-68293AF97D7A}.Release|x86.ActiveCfg = Release|Win32
		{1BE14D69-1846-4660-9F44-68293AF97D7A}.Release|x86.Build.0 = Release|Win32
		{96C666BB-AD50-45EA-928A-F13BB55CB8F8}.Debug|x64.ActiveCfg = Debug|x64
		{96C666BB-AD50-45EA-928A-F13BB55CB8F8}.Debug|x64.Build.0 = Debug|x64
		{96C666BB-AD50-45EA-928A-F13BB55CB8F8}.Debug|x86.ActiveCfg = Debug|Win32
		{96C666BB-AD50-45EA-928A-F13BB55CB8F8}.Debug|x86.Build.0 = Debug|Win32
		{96C666BB-AD50-45EA-928A-F13BB55CB8F8}.Release|x64.ActiveCfg = Release|x64
		{96C666BB-AD50-45EA-928A-F13BB55CB8F8}.Release|x64.Build.0 = Release|x64
		{96C666BB-AD50-45EA-928A-F13BB55CB8F8}.Release|x86.ActiveCfg = Release|Win32
		{96C666BB-AD50-45EA-928A-F13BB55CB8F8}.Release|x86.Build.0 = Release|Win32
		{22E8D0AB-A6A4-4A34-BE7A-BB729C381039}.Debug|x64.ActiveCfg = Debug|x64
		{22E8D0AB-A6A4-4A34-BE7A-BB729C381039}.Debug|x64.Build.0 = Debug|x64
		{22E8D0AB-A6A4-4A34-BE7A-BB729C381039}.Debug|x86.ActiveCfg = Debug|Win32
		{22E8D0AB-A6A4-4A34-BE7A-BB729C381039}.Debug|x86.Build.0 = Debug|Win32
		{22E8D0AB-A6A4-4A34-BE7A-BB729C381039}.Release|x64.ActiveCfg = Release|x64
		{22E8D0AB-A6A4-4A34-BE7A-BB729C381039}.Release|x64.Build.0 = Release|x64
		{22E8D0AB-A6A4-4A34-BE7A-BB729C381039}.Release|x86.ActiveCfg = Release|Win32
		{22E8D0AB-A6A4-4A34-BE7A-BB729C381039}.Release|x86.Build.0 = Release|Win32
		{CC47BEE2-8B17-45D3-938B-30C9F9919F93}.Debug|x64.ActiveCfg = Debug|x64
		{CC47BEE2-8B17-45D3-938B-30C9F9919F93}.Debug|x64.Build.0 = Debug|x64
		{CC47BEE2-8B17-45D3-938B-30C9F9919F93}.Debug|x86.ActiveCfg = Debug|Win32
		{CC47BEE2-8B17-45D3-938B-30C9F9919F93}.Debug|x86.Build.0 = Debug|Win32
		{CC47BEE2-8B17-45D3-938B-30C9F9919F93}.Release|x64.ActiveCfg = Release|x64
		{CC47BEE2-8B17-45D3-938B-30C9F9919F93}.Release|x64.Build.0 = Release|x64
		{CC47BEE2-8B17-45D3-938B-30C9F9919F93}.Release|x86.ActiveCfg = Release|Win32
		{CC47BEE2-8B17-45D3-938B-30C9F9919F93}.Release|x86.Build.0 = Release|Win32
		{B7EF7ABC-3248-484A-80C2-359FBF0789B5}.Debug|x64.ActiveCfg = Debug|x64
		{B7EF7ABC-3248-484A-80C2-359FBF0789B5}.Debug|x64.Build.0 = Debug|x64
		{B7EF7ABC-3248-484A-80C2-359FBF0789B5}.Debug|x86.ActiveCfg = Debug|Win32
		{B7EF7ABC-3248-484A-80C2-359FBF0789B5}.Debug|x86.Build.0 = Debug|Win32
		{B7EF7ABC-3248-484A-80C2-359FBF0789B5}.Release|x64.ActiveCfg = Release|x64
		{B7EF7ABC-3248-484A-80C2-359FBF0789B5}.Release|x64.Build.0 = Release|x64
		{B7EF7ABC-3248-484A-80C2-359FBF0789B5}.Release|x86.ActiveCfg = Release|Win32
		{B7EF7ABC-3248-484A-80C2-359FBF0789B5}.Release|x86.Build.0 = Release|Win32
		{7E15C8A6-2936-4E9B-B2CC-F9E420327FFD}.Debug|x64.ActiveCfg = Debug|x64
		{7E15C8A6-2936-4E9B-B2CC-F9E420327FFD}.Debug|x64.Build.0 = Debug|x64
		{7E15C8A6-2936-4E9B-B2CC-F9E420327FFD}.Debug|x86.ActiveCfg = Debug|Win32
		{7E15C8A6-2936-4E9B-B2CC-F9E420327FFD}.Debug|x86.Build.0 = Debug|Win32
		{7E15C8A6-2936-4E9B-B2CC-F9E420327FFD}.Release|x64.ActiveCfg = Release|x64
		{7E15C8A6-2936-4E9B-B2CC-F9E420327FFD}.Release|x64.Build.0 = Release|x64
		{7E15C8A6-2936-4E9B-B2CC-F9E420327FFD}.Release|x86.ActiveCfg = Release|Win32
		{7E15C8A6-2936-4E9B-B2CC-F9E420327FFD}.Release|x86.Build.0 = Release|Win32
		{A4CB6F39-18CB-4941-85A7-6E03B3561D1D}.Debug|x64.ActiveCfg = Debug|x64
		{A4CB6F39-18CB-4941-85A7-6E03B3561D1D}.Debug|x64.Build.0 = Debug|x64
		{A4CB6F39-18CB-4941-85A7-6E03B3561D1D}.Debug|x86.ActiveCfg = Debug|Win32
		{A4CB6F39-18CB-4941-85A7-6E03B3561D1D}.Debug|x86.Build.0 = Debug|Win32
		{A4CB6F39-18CB-4941-85A7-6E03B3561D1D}.Release|x64.ActiveCfg = Release|x64
		{A4CB6F39-18CB-4941-85A7-6E03B3561D1D}.Release|x64.Build.0 = Release|x64
		{A4CB6F39-18CB-4941-85A7-6E03B3561D1D}.Release|x86.ActiveCfg = Release|Win32
		{A4CB6F39-18CB-4941-85A7-6E03B3561D1D}.Release|x86.Build.0 = Release|Win32
		{8736B885-1CA9-4BCC-814D-C1E7D555340B}.Debug|x64.ActiveCfg = Debug|x64
		{8736B885-1CA9-4BCC-814D-C1E7D555340B}.Debug|x64.Build.0 = Debug|x64
		{8736B885-1CA9-4BCC-814D-C1E7D555340B}.Debug|x86.ActiveCfg = Debug|Win32
		{8736B885-1CA9-4BCC-814D-C1E7D555340B}.Debug|x86.Build.0 = Debug|Win32
		{8736B885-1CA9-4BCC-814D-C1E7D555340B}.Release|x64.ActiveCfg = Release|x64
		{8736B885-1CA9-4BCC-814D-C1E7D555340B}.Release|x64.Build.0 = Release|x64
		{8736B885-1CA9-4BCC-814D-C1E7D555340B}.Release|x86.ActiveCfg = Release|Win32
		{8736B885-1CA9-4BCC-814D-C1E7D555340B}.Release|x86.Build.0 = Release|Win32
		{2A2DC64C-4403-4111-BFA7-2CD37F32F7FF}.Debug|x64.ActiveCfg = Debug|x64
		{2A2DC64C-4403-4111-BFA7-2CD37F32F7FF}.Debug|x64.Build.0 = Debug|x64
		{2A2DC64C-4403-4111-BFA7-2CD37F32F7FF}.Debug|x86.ActiveCfg = Debug|Win32
		{2A2DC64C-4403-4111-BFA7-2CD37F32F7FF}.Debug|x86.Build.0 = Debug|Win32
		{2A2DC64C-4403-4111-BFA7-2CD37F32F7FF}.Release|x64.ActiveCfg = Release|x64
		{2A2DC64C-4403-4111-BFA7-2CD37F32F7FF}.Release|x64.Build.0 = Release|x64
		{2A2DC64C-4403-4111-BFA7-2CD37F32F7FF}.Release|x86.ActiveCfg = Release|Win32
		{2A2DC64C-4403-4111-BFA7-2CD37F32F7FF}.Release|x86.Build.0 = Release|Win32
		{8E3320A8-17C3-4885-8AAF-E31B438770C5}.Debug|x64.ActiveCfg = Debug|x64
		{8E3320A8-17C3-4885-8AAF-E31B438770C5}.Debug|x64.Build.0 = Debug|x64
		{8E3320A8-17C3-4885-8AAF-E31B438770C5}.Debug|x86.ActiveCfg = Debug|Win32
		{8E3320A8-17C3-4885-8AAF-E31B438770C5}.Debug|x86.Build.0 = Debug|Win32
		{8E3320A8-17C3-4885-8AAF-E31B438770C5}.Release|x64.ActiveCfg = Release|x64
		{8E3320A8-17C3-4885-8AAF-E31B438770C5}.Release|x64.Build.0 = Release|x64
		{8E3320A8-17C3-4885-8AAF-E31B438770C5}.Release|x86.ActiveCfg = Release|Win32
		{8E3320A8-17C3-4885-8AAF-E31B438770C5}.Release|x86.Build.0 = Release|Win32
		{74A517F8-9F20-4CB9-A995-2306D81445B7}.Debug|x64.ActiveCfg = Debug|x64
		{74A517F8-9F20-4CB9-A995-2306D81445B7}.Debug|x64.Build.0 = Debug|x64
		{74A517F8-9F20-4CB9-A995-2306D81445B7}.Debug|x86.ActiveCfg = Debug|Win32
		{74A517F8-9F20-4CB9-A995-2306D81445B7}.Debug|x86.Build.0 = Debug|Win32
		{74A517F8-9F20-4CB9-A995-2306D81445B7}.Release|x64.ActiveCfg = Release|x64
		{74A517F8-9F20-4CB9-A995-2306D81445B7}.Release|x64.Build.0 = Release|x64
		{74A517F8-9F20-4CB9-A995-2306D81445B7}.Release|x86.ActiveCfg = Release|Win32
		{74A517F8-9F20-4CB9-A995-2306D81445B7}.Release|x86.Build.0 = Release|Win32
		{B32913EA-8A93-4E02-BC4F-28BF52AD8643}.Debug|x64.ActiveCfg = Debug|x64
		{B32913EA-8A93-4E02-BC4F-28BF52AD8643}.Debug|x64.Build.0 = Debug|x64
		{B32913EA-8A93-4E02-BC4F-28BF52AD8643}.Debug|x86.ActiveCfg = Debug|Win32
		{B32913EA-8A93-4E02-BC4F-28BF52AD8643}.Debug|x86.Build.0 = Debug|Win32
		{B32913EA-8A93-4E02-BC4F-28BF52AD8643}.Release|x64.ActiveCfg = Release|x64
		{B32913EA-8A93-4E02-BC4F-28BF52AD8643}.Release|x64.Build.0 = Release|x64
		{B32913EA-8A93-4E02-BC4F-28BF52AD8643}.Release|x86.ActiveCfg = Release|Win32
		{B32913EA-8A93-4E02-BC4F-28BF52AD8643}.Release|x86.Build.0 = Release|Win32
		{870DE413-FA6D-4DAF-B3EB-90DE9F893496}.Debug|x64.ActiveCfg = Debug|x64
		{870DE413-FA6D-4DAF-B3EB-90DE9F893496}.Debug|x64.Build.0 = Debug|x64
		{870DE413-FA6D-4DAF-B3EB-90DE9F893496}.Debug|x86.ActiveCfg = Debug|Win32
		{870DE413-FA6D-4DAF-B3EB-90DE9F893496}.Debug|x86.Build.0 = Debug|Win32
		{870DE413-FA6D-4DAF-B3EB-90DE9F893496}.Release|x64.ActiveCfg = Release|x64
		{870DE413-FA6D-4DAF-B3EB-90DE9F893496}.Release|x64.Build.0 = Release|x64
		{870DE413-FA6D-4DAF-B3EB-90DE9F893496}.Release|x86.ActiveCfg = Release|Win32
		{870DE413-FA6D-4DAF-B3EB-90DE9F893496}.Release|x86.Build.0 = Release|Win32
		{A28A6013-950E-4154-AD48-9AF34BEDE203}.Debug|x64.ActiveCfg = Debug|x64
		{A28A6013-950E-4154-AD48-9AF34BEDE203}.Debug|x64.Build.0 = Debug|x64
		{A28A6013-950E-4154-AD48-9AF34BEDE203}.Debug|x86.ActiveCfg = Debug|Win32
		{A28A6013-950E-4154-AD48-9AF34BEDE203}.Debug|x86.Build.0 = Debug|Win32
		{A28A6013-950E-4154-AD48-9AF34BEDE203}.Release|x64.ActiveCfg = Release|x64
		{A28A6013-950E-4154-AD48-9AF34BEDE203}.Release|x64.Build.0 = Release|x64
		{A28A6013-950E-4154-AD48-9AF34BEDE203}.Release|x86.ActiveCfg = Release|Win32
		{A28A6013-950E-4154-AD48-9AF34BEDE203}.Release|x86.Build.0 = Release|Win32
		{7FDD8040-D009-412B-A2FF-4B08A67F356C}.Debug|x64.ActiveCfg = Debug|x64
		{7FDD8040-D009-412B-A2FF-4B08A67F356C}.Debug|x64.Build.0 = Debug|x64
		{7FDD8040-D009-412B-A2FF-4B08A67F356C}.Debug|x86.ActiveCfg = Debug|Win32
		{7FDD8040-D009-412B-A2FF-4B08A67F356C}.Debug|x86.Build.0 = Debug|Win32
		{7FDD8040-D009-412B-A2FF-4B08A67F356C}.Release|x64.ActiveCfg = Release|x64
		{7FDD8040-D009-412B-A2FF-4B08A67F356C}.Release|x64.Build.0 = Release|x64
		{7FDD8040-D009-412B-A2FF-4B08A67F356C}.Release|x86.ActiveCfg = Release|Win32
		{7FDD8040-D009-412B-A2FF-4B08A67F356C}.Release|x86.Build.0 = Release|Win32
		{67F9B228-A8BD-4F13-8760-31362D5697FB}.Debug|x64.ActiveCfg = Debug|x64
		{67F9B228-A8BD-4F13-8760-31362D5697FB}.Debug|x64.Build.0 = Debug|x64
		{67F9B228-A8BD-4F13-8760-31362D5697FB}.Debug|x86.ActiveCfg = Debug|Win32
		{67F9B228-A8BD-4F13-8760-31362D5697FB}.Debug|x86.Build.0 = Debug|Win32
		{67F9B228-A8BD-4F13-8760-31362D5697FB}.Release|x64.ActiveCfg = Release|x64
		{67F9B228-A8BD-4F13-8760-31362D5697FB}.Release|x64.Build.0 = Release|x64
		{67F9B228-A8BD-4F13-8760-31362D5697FB}.Release|x86.ActiveCfg = Release|Win32
		{67F9B228-A8BD-4F13-8760-31362D5697FB}.Release|x86.Build.0 = Release|Win32
		{FA640002-40B1-4256-AFCE-4F829B4EB6B2}.Debug|x64.ActiveCfg = Debug|x64
		{FA640002-40B1-4256-AFCE-4F829B4EB6B2}.Debug|x64.Build.0 = Debug|x64
		{FA640002-40B1-4256-AFCE-4F829B4EB6B2}.Debug|x86.ActiveCfg = Debug|Win32
		{FA640002-40B1-4256-AFCE-4F829B4EB6B2}.Debug|x86.Build.0 = Debug|Win32
		{FA640002-40B1-4256-AFCE-4F829B4EB6B2}.Release|x64.ActiveCfg = Release|x64
		{FA640002-40B1-4256-AFCE-4F829B4EB6B2}.Release|x64.Build.0 = Release|x64
		{FA640002-40B1-4256-AFCE-4F829B4EB6B2}.Release|x86.ActiveCfg = Release|Win32
		{FA640002-40B1-4256-AFCE-4F829B4EB6B2}.Release|x86.Build.0 = Release|Win32
		{5C6850EE-03CC-4AFE-AF98-C0A71A79F300}.Debug|x64.ActiveCfg = Debug|x64
		{5C6850EE-03CC-4AFE-AF98-C0A71A79F300}.Debug|x64.Build.0 = Debug|x64
		{5C6850EE-03CC-4AFE-AF98-C0A71A79F300}.Debug|x86.ActiveCfg = Debug|Win32
		{5C6850EE-03CC-4AFE-AF98-C0A71A79F300}.Debug|x86.Build.0 = Debug|Win32
		{5C6850EE-03CC-4AFE-AF98-C0A71A79F300}.Release|x64.ActiveCfg = Release|x64
		{5C6850EE-03CC-4AFE-AF98-C0A71A79F300}.Release|x64.Build.0 = Release|x64
		{5C6850EE-03CC-4AFE-AF98-C0A71A79F300}.Release|x86.ActiveCfg = Release|Win32
		{5C6850EE-03CC-4AFE-AF98-C0A71A79F300}.Release|x86.Build.0 = Release|Win32
		{6F548C30-AB82-423A-9B20-3030CC7F603D}.Debug|x64.ActiveCfg = Debug|x64
		{6F548C30-AB82-423A-9B20-3030CC7F603D}.Debug|x64.Build.0 = Debug|x64
		{6F548C30-AB82-423A-9B20-3030CC7F603D}.Debug|x86.ActiveCfg = Debug|Win32
		{6F548C30-AB82-423A-9B20-3030CC7F603D}.Debug|x86.Build.0 = Debug|Win32
		{6F548C30-AB82-423A-9B20-3030CC7F603D}.Release|x64.ActiveCfg = Release|x64
		{6F548C30-AB82-423A-9B20-3030CC7F603D}.Release|x64.Build.0 = Release|x64
		{6F548C30-AB82-423A-9B20-3030CC7F603D}.Release|x86.ActiveCfg = Release|Win32
		{6F548C30-AB82-423A-9B20-3030CC7F603D}.Release|x86.Build.0 = Release|Win32
		{EFEC86E8-B2C4-4882-B3FE-F8E6D4A5DB6F}.Debug|x64.ActiveCfg = Debug|x64
		{EFEC86E8-B2C4-4882-B3FE-F8E6D4A5DB6F}.Debug|x64.Build.0 = Debug|x64
		{EFEC86E8-B2C4-4882-B3FE-F8E6D4A5DB6F}.Debug|x86.ActiveCfg = Debug|Win32
		{EFEC86E8-B2C4-4882-B3FE-F8E6D4A5DB6F}.Debug|x86.Build.0 = Debug|Win32
		{EFEC86E8-B2C4-4882-B3FE-F8E6D4A5DB6F}.Release|x64.ActiveCfg = Release|x64
		{EFEC86E8-B2C4-4882-B3FE-F8E6D4A5DB6F}.Release|x64.Build.0 = Release|x64
		{EFEC86E8-B2C4-4882-B3FE-F8E6D4A5DB6F}.Release|x86.ActiveCfg = Release|Win32
		{EFEC86E8-B2C4-4882-B3FE-F8E6D4A5DB6F}.Release|x86.Build.0 = Release|Win32
		{1CA300F1-F221-428B-8136-69F5930A590F}.Debug|x64.ActiveCfg = Debug|x64
		{1CA300F1-F221-428B-8136-69F5930A590F}.Debug|x64.Build.0 = Debug|x64
		{1CA300F1-F221-428B-8136-69F5930A590F}.Debug|x86.ActiveCfg = Debug|Win32
		{1CA300F1-F221-428B-8136-69F5930A590F}.Debug|x86.Build.0 = Debug|Win32
		{1CA300F1-F221-428B-8136-69F5930A590F}.Release|x64.ActiveCfg = Release|x64
		{1CA300F1-F221-428B-8136-69F5930A590F}.Release|x64.Build.0 = Release|x64
		{1CA300F1-F221-428B-8136-69F5930A590F}.Release|x86.ActiveCfg = Release|Win32
		{1CA300F1-F221-428B-8136-69F5930A590F}.Release|x86.Build.0 = Release|Win32
		{1533754A-3869-4877-9097-E229074E7D03}.Debug|x64.ActiveCfg = Debug|x64
		{1533754A-3869-4877-9097-E229074E7D03}.Debug|x64.Build.0 = Debug|x64
		{1533754A-3869-4877-9097-E229074E7D03}.Debug|x86.ActiveCfg = Debug|Win32
		{1533754A-3869-4877-9097-E229074E7D03}.Debug|x86.Build.0 = Debug|Win32
		{1533754A-3869-4877-9097-E229074E7D03}.Release|x64.ActiveCfg = Release|x64
		{1533754A-3869-4877-9097-E229074E7D03}.Release|x64.Build.0 = Release|x64
		{1533754A-3869-4877-9097-E229074E7D03}.Release|x86.ActiveCfg = Release|Win32
		{1533754A-3869-4877-9097-E229074E7D03}.Release|x86.Build.0 = Release|Win32
		{7FFF51AB-2489-4BF1-85EA-BBC2FB6C27CD}.Debug|x64.ActiveCfg = Debug|x64
		{7FFF51AB-2489-4BF1-85EA-BBC2FB6C27CD}.Debug|x64.Build.0 = Debug|x64
		{7FFF51AB-2489-4BF1-85EA-BBC2FB6C27CD}.Debug|x86.ActiveCfg = Debug|Win32
		{7FFF51AB-2489-4BF1-85EA-BBC2FB6C27CD}.Debug|x86.Build.0 = Debug|Win32
		{7FFF51AB-2489-4BF1-85EA-BBC2FB6C27CD}.Release|x64.ActiveCfg = Release|x64
		{7FFF51AB-2489-4BF1-85EA-BBC2FB6C27CD}.Release|x64.Build.0 = Release|x64
		{7FFF51AB-2489-4BF1-85EA-BBC2FB6C27CD}.Release|x86.ActiveCfg = Release|Win32
		{7FFF51AB-2489-4BF1-85EA-BBC2FB6C27CD}.Release|x86.Build.0 = Release|Win32
		{6323FD35-D556-4CB1-A088-667D73D76525}.Debug|x64.ActiveCfg = Debug|x64
		{6323FD35-D556-4CB1-A088-667D73D76525}.Debug|x64.Build.0 = Debug|x64
		{6323FD35-D556-4CB1-A088-667D73D76525}.Debug|x86.ActiveCfg = Debug|Win32
		{6323FD35-D556-4CB1-A088-667D73D76525}.Debug|x86.Build.0 = Debug|Win32
		{6323FD35-D556-4CB1-A088-667D73D76525}.Release|x64.ActiveCfg = Release|x64
		{6323FD35-D556-4CB1-A088-667D73D76525}.Release|x64.Build.0 = Release|x64
		{6323FD35-D556-4CB1-A088-667D73D76525}.Release|x86.ActiveCfg = Release|Win32
		{6323FD35-D556-4CB1-A088-667D73D76525}.Release|x86.Build.0 = Release|Win32
		{58DF4FD3-4DA7-4C12-B313-6D0A09B17E7B}.Debug|x64.ActiveCfg = Debug|x64
		{58DF4FD3-4DA7-4C12-B313-6D0A09B17E7B}.Debug|x64.Build.0 = Debug|x64
		{58DF4FD3-4DA7-4C12-B313-6D0A09B17E7B}.Debug|x86.ActiveCfg = Debug|Win32
		{58DF4FD3-4DA7-4C12-B313-6D0A09B17E7B}.Debug|x86.Build.0 = Debug|Win32
		{58DF4FD3-4DA7-4C12-B313-6D0A09B17E7B}.Release|x64.ActiveCfg = Release|x64
		{58DF4FD3-4DA7-4C12-B313-6D0A09B17E7B}.Release|x64.Build.0 = Release|x64
		{58DF4FD3-4DA7-4C12-B313-6D0A09B17E7B}.Release|x86.ActiveCfg = Release|Win32
		{58DF4FD3-4DA7-4C12-B313-6D0A09B17E7B}.Release|x86.Build.0 = Release|Win32
		{16F306E4-5CEC-45E3-B6E2-AD194C667894}.Debug|x64.ActiveCfg = Debug|x64
		{16F306E4-5CEC-45E3-B6E2-AD194C667894}.Debug|x64.Build.0 = Debug|x64
		{16F306E4-5CEC-45E3-B6E2-AD194C667894}.Debug|x86.ActiveCfg = Debug|Win32
		{16F306E4-5CEC-45E3-B6E2-AD194C667894}.Debug|x86.Build.0 = Debug|Win32
		{16F306E4-5CEC-45E3-B6E2-AD194C667894}.Release|x64.ActiveCfg = Release|x64
		{16F306E4-5CEC-45E3-B6E2-AD194C667894}.Release|x64.Build.0 = Release|x64
		{16F306E4-5CEC-45E3-B6E2-AD194C667894}.Release|x86.ActiveCfg = Release|Win32
		{16F306E4-5CEC-45E3-B6E2-AD194C667894}.Release|x86.Build.0 = Release|Win32
		{C5EFE912-8B92-43DD-8281-22245DA07B84}.Debug|x64.ActiveCfg = Debug|x64
		{C5EFE912-8B92-43DD-8281-22245DA07B84}.Debug|x64.Build.0 = Debug|x64
		{C5EFE912-8B92-43DD-8281-22245DA07B84}.Debug|x86.ActiveCfg = Debug|Win32
		{C5EFE912-8B92-43DD-8281-22245DA07B84}.Debug|x86.Build.0 = Debug|Win32
		{C5EFE912-8B92-43DD-8281-22245DA07B84}.Release|x64.ActiveCfg = Release|x64
		{C5EFE912-8B92-43DD-8281-22245DA07B84}.Release|x64.Build.0 = Release|x64
		{C5EFE912-8B92-43DD-8281-22245DA07B84}.Release|x86.ActiveCfg = Release|Win32
		{C5EFE912-8B92-43DD-8281-22245DA07B84}.Release|x86.Build.0 = Release|Win32
		{08F90D14-970F-49E1-B6BA-14530E4F09DF}.Debug|x64.ActiveCfg = Debug|x64
		{08F90D14-970F-49E1-B6BA-14530E4F09DF}.Debug|x64.Build.0 = Debug|x64
		{08F90D14-970F-49E1-B6BA-14530E4F09DF}.Debug|x86.ActiveCfg = Debug|Win32
		{08F90D14-970F-49E1-B6BA-14530E4F09DF}.Debug|x86.Build.0 = Debug|Win32
		{08F90D14-970F-49E1-B6BA-14530E4F09DF}.Release|x64.ActiveCfg = Release|x64
		{08F90D14-970F-49E1-B6BA-14530E4F09DF}.Release|x64.Build.0 = Release|x64
		{08F90D14-970F-49E1-B6BA-14530E4F09DF}.Release|x86.ActiveCfg = Release|Win32
		{08F90D14-970F-49E1-B6BA-14530E4F09DF}.Release|x86.Build.0 = Release|Win32
		{884F483F-F32D-4858-BA5F-F70516F3D0E3}.Debug|x64.ActiveCfg = Debug|x64
		{884F483F-F32D-4858-BA5F-F70516F3D0E3}.Debug|x64.Build.0 = Debug|x64
		{884F483F-F32D-4858-BA5F-F70516F3D0E3}.Debug|x86.ActiveCfg = Debug|Win32
		{884F483F-F32D-4858-BA5F-F70516F3D0E3}.Debug|x86.Build.0 = Debug|Win32
		{884F483F-F32D-4858-BA5F-F70516F3D0E3}.Release|x64.ActiveCfg = Release|x64
		{884F483F-F32D-4858-BA5F-F70516F3D0E3}.Release|x64.Build.0 = Release|x64
		{884F483F-F32D-4858-BA5F-F70516F3D0E3}.Release|x86.ActiveCfg = Release|Win32
		{884F483F-F32D-4858-BA5F-F70516F3D0E3}.Release|x86.Build.0 = Release|Win32
		{70EFDC39-ADB0-4C22-A523-F4EE49CC686B}.Debug|x64.ActiveCfg = Debug|x64
		{70EFDC39-ADB0-4C22-A523-F4EE49CC686B}.Debug|x64.Build.0 = Debug|x64
		{70EFDC39-ADB0-4C22-A523-F4EE49CC686B}.Debug|x86.ActiveCfg = Debug|Win32
		{70EFDC39-ADB0-4C22-A523-F4EE49CC686B}.Debug|x86.Build.0 = Debug|Win32
		{70EFDC39-ADB0-4C22-A523-F4EE49CC686B}.Release|x64.ActiveCfg = Release|x64
		{70EFDC39-ADB0-4C22-A523-F4EE49CC686B}.Release|x64.Build.0 = Release|x64
		{70EFDC39-ADB0-4C22-A523-F4EE49CC686B}.Release|x86.ActiveCfg = Release|Win32
		{70EFDC39-ADB0-4C22-A523-F4EE49CC686B}.Release|x86.Build.0 = Release|Win32
		{D7B3323D-69AD-471B-9679-291962C1BC36}.Debug|x64.ActiveCfg = Debug|x64
		{D7B3323D-69AD-471B-9679-291962C1BC36}.Debug|x64.Build.0 = Debug|x64
		{D7B3323D-69AD-471B-9679-291962C1BC36}.Debug|x86.ActiveCfg = Debug|Win32
		{D7B3323D-69AD-471B-9679-291962C1BC36}.Debug|x86.Build.0 = Debug|Win32
		{D7B3323D-69AD-471B-9679-291962C1BC36}.Release|x64.ActiveCfg = Release|x64
		{D7B3323D-69AD-471B-9679-291962C1BC36}.Release|x64.Build.0 = Release|x64
		{D7B3323D-69AD-471B-9679-291962C1BC36}.Release|x86.ActiveCfg = Release|Win32
		{D7B3323D-69AD-471B-9679-291962C1BC36}.Release|x86.Build.0 = Release|Win32
		{1F8745A8-1CD9-46BA-BE22-8CAEB242EBD0}.Debug|x64.ActiveCfg = Debug|x64
		{1F8745A8-1CD9-46BA-BE22-8CAEB242EBD0}.Debug|x64.Build.0 = Debug|x64
		{1F8745A8-1CD9-46BA-BE22-8CAEB242EBD0}.Debug|x86.ActiveCfg = Debug|Win32
		{1F8745A8-1CD9-46BA-BE22-8CAEB242EBD0}.Debug|x86.Build.0 = Debug|Win32
		{1F8745A8-1CD9-46BA-BE22-8CAEB242EBD0}.Release|x64.ActiveCfg = Release|x64
		{1F8745A8-1CD9-46BA-BE22-8CAEB242EBD0}.Release|x64.Build.0 = Release|x64
		{1F8745A8-1CD9-46BA-BE22-8CAEB242EBD0}.Release|x86.ActiveCfg = Release|Win32
		{1F8745A8-1CD9-46BA-BE22-8CAEB242EBD0}.Release|x86.Build.0 = Release|Win32
		{FF1ABC82-5831-4509-A814-6C0F7178B99E}.Debug|x64.ActiveCfg = Debug|x64
		{FF1ABC82-5831-4509-A814-6C0F7178B99E}.Debug|x64.Build.0 = Debug|x64
		{FF1ABC82-5831-4509-A814-6C0F7178B99E}.Debug|x86.ActiveCfg = Debug|Win32
		{FF1ABC82-5831-4509-A814-6C0F7178B99E}.Debug|x86.Build.0 = Debug|Win32
		{FF1ABC82-5831-4509-A814-6C0F7178B99E}.Release|x64.ActiveCfg = Release|x64
		{FF1ABC82-5831-4509-A814-6C0F7178B99E}.Release|x64.Build.0 = Release|x64
		{FF1ABC82-5831-4509-A814-6C0F7178B99E}.Release|x86.ActiveCfg = Release|Win32
		{FF1ABC82-5831-4509-A814-6C0F7178B99E}.Release|x86.Build.0 = Release|Win32
		{F7252EB8-AB20-47D8-84E3-1EE13D8B66A2}.Debug|x64.ActiveCfg = Debug|x64
		{F7252EB8-AB20-47D8-84E3-1EE13D8B66A2}.Debug|x64.Build.0 = Debug|x64
		{F7252EB8-AB20-47D8-84E3-1EE13D8B66A2}.Debug|x86.ActiveCfg = Debug|Win32
		{F7252EB8-AB20-47D8-84E3-1EE13D8B66A2}.Debug|x86.Build.0 = Debug|Win32
		{F7252EB8-AB20-47D8-84E3-1EE13D8B66A2}.Release|x64.ActiveCfg = Release|x64
		{F7252EB8-AB20-47D8-84E3-1EE13D8B66A2}.Release|x64.Build.0 = Release|x64
		{F7252EB8-AB20-47D8-84E3-1EE13D8B66A2}.Release|x86.ActiveCfg = Release|Win32
		{F7252EB8-AB20-47D8-84E3-1EE13D8B66A2}.Release|x86.Build.0 = Release|Win32
		{ED472BAE-DD60-4262-A9D6-2A17197DDAEA}.Debug|x64.ActiveCfg = Debug|x64
		{ED472BAE-DD60-4262-A9D6-2A17197DDAEA}.Debug|x64.Build.0 = Debug|x64
		{ED472BAE-DD60-4262-A9D6-2A17197DDAEA}.Debug|x86.ActiveCfg = Debug|Win32
		{ED472BAE-DD60-4262-A9D6-2A17197DDAEA}.Debug|x86.Build.0 = Debug|Win32
		{ED472BAE-DD60-4262-A9D6-2A17197DDAEA}.Release|x64.ActiveCfg = Release|x64
		{ED472BAE-DD60-4262-A9D6-2A17197DDAEA}.Release|x64.Build.0 = Release|x64
		{ED472BAE-DD60-4262-A9D6-2A17197DDAEA}.Release|x86.ActiveCfg = Release|Win32
		{ED472BAE-DD60-4262-A9D6-2A17197DDAEA}.Release|x86.Build.0 = Release|Win32
		{DEE389A0-3784-4D75-A7B4-8479FBD3B14C}.Debug|x64.ActiveCfg = Debug|x64
		{DEE389A0-3784-4D75-A7B4-8479FBD3B14C}.Debug|x64.Build.0 = Debug|x64
		{DEE389A0-3784-4D75-A7B4-8479FBD3B14C}.Debug|x86.ActiveCfg = Debug|Win32
		{DEE389A0-3784-4D75-A7B4-8479FBD3B14C}.Debug|x86.Build.0 = Debug|Win32
		{DEE389A0-3784-4D75-A7B4-8479FBD3B14C}.Release|x64.ActiveCfg = Release|x64
		{DEE389A0-3784-4D75-A7B4-8479FBD3B14C}.Release|x64.Build.0 = Release|x64
		{DEE389A0-3784-4D75-A7B4-8479FBD3B14C}.Release|x86.ActiveCfg = Release|Win32
		{DEE389A0-3784-4D75-A7B4-8479FBD3B14C}.Release|x86.Build.0 = Release|Win32
		{4B7FB5C7-D77E-4D1C-9D8C-655C497EB4D0}.Debug|x64.ActiveCfg = Debug|x64
		{4B7FB5C7-D77E-4D1C-9D8C-655C497EB4D0}.Debug|x64.Build.0 = Debug|x64
		{4B7FB5C7-D77E-4D1C-9D8C-655C497EB4D0}.Debug|x86.ActiveCfg = Debug|Win32
		{4B7FB5C7-D77E-4D1C-9D8C-655C497EB4D0}.Debug|x86.Build.0 = Debug|Win32
		{4B7FB5C7-D77E-4D1C-9D8C-655C497EB4D0}.Release|x64.ActiveCfg = Release|x64
		{4B7FB5C7-D77E-4D1C-9D8C-655C497EB4D0}.Release|x64.Build.0 = Release|x64
		{4B7FB5C7-D77E-4D1C-9D8C-655C497EB4D0}.Release|x86.ActiveCfg = Release|Win32
		{4B7FB5C7-D77E-4D1C-9D8C-655C497EB4D0}.Release|x86.Build.0 = Release|Win32
		{7D41F395-6854-4C3D-BFBC-557A31C638FE}.Debug|x64.ActiveCfg = Debug|x64
		{7D41F395-6854-4C3D-BFBC-557A31C638FE}.Debug|x64.Build.0 = Debug|x64
		{7D41F395-6854-4C3D-BFBC-557A31C638FE}.Debug|x86.ActiveCfg = Debug|Win32
		{7D41F395-6854-4C3D-BFBC-557A31C638FE}.Debug|x86.Build.0 = Debug|Win32
		{7D41F395-6854-4C3D-BFBC-557A31C638FE}.Release|x64.ActiveCfg = Release|x64
		{7D41F395-6854-4C3D-BFBC-557A31C638FE}.Release|x64.Build.0 = Release|x64
		{7D41F395-6854-4C3D-BFBC-557A31C638FE}.Release|x86.ActiveCfg = Release|Win32
		{7D41F395-6854-4C3D-BFBC-557A31C638FE}.Release|x86.Build.0 = Release|Win32
		{A408B2D8-F624-479B-8745-BB7435682863}.Debug|x64.ActiveCfg = Debug|x64
		{A408B2D8-F624-479B-8745-BB7435682863}.Debug|x64.Build.0 = Debug|x64
		{A408B2D8-F624-479B-8745-BB7435682863}.Debug|x86.ActiveCfg = Debug|Win32
		{A408B2D8-F624-479B-8745-BB7435682863}.Debug|x86.Build.0 = Debug|Win32
		{A408B2D8-F624-479B-8745-BB7435682863}.Release|x64.ActiveCfg = Release|x64
		{A408B2D8-F624-479B-8745-BB7435682863}.Release|x64.Build.0 = Release|x64
		{A408B2D8-F624-479B-8745-BB7435682863}.Release|x86.ActiveCfg = Release|Win32
		{A408B2D8-F624-479B-8745-BB7435682863}.Release|x86.Build.0 = Release|Win32
		{9E952FA2-A2CE-45A4-AA4C-F8C38409993B}.Debug|x64.ActiveCfg = Debug|x64
		{9E952FA2-A2CE-45A4-AA4C-F8C38409993B}.Debug|x64.Build.0 = Debug|x64
		{9E952FA2-A2CE-45A4-AA4C-F8C38409993B}.Debug|x86.ActiveCfg = Debug|Win32
		{9E952FA2-A2CE-45A4-AA4C-F8C38409993B}.Debug|x86.Build.0 = Debug|Win32
		{9E952FA2-A2CE-45A4-AA4C-F8C38409993B}.Release|x64.ActiveCfg = Release|x64
		{9E952FA2-A2CE-45A4-AA4C-F8C38409993B}.Release|x64.Build.0 = Release|x64
		{9E952FA2-A2CE-45A4-AA4C-F8C38409993B}.Release|x86.ActiveCfg = Release|Win32
		{9E952FA2-A2CE-45A4-AA4C-F8C38409993B}.Release|x86.Build.0 = Release|Win32
	EndGlobalSection
	GlobalSection(SolutionProperties) = preSolution
		HideSolutionNode = FALSE
	EndGlobalSection
	GlobalSection(ExtensibilityGlobals) = postSolution
		SolutionGuid = {78F9113D-431A-44C7-8519-556595E37A40}
	EndGlobalSection
EndGlobal
